// !$*UTF8*$!
{
	archiveVersion = 1;
	classes = {
	};
	objectVersion = 77;
	objects = {

/* Begin PBXContainerItemProxy section */
		CB2B99D52ED6870100E7F11A /* PBXContainerItemProxy */ = {
			isa = PBXContainerItemProxy;
			containerPortal = CB2B99BD2ED6870000E7F11A /* Project object */;
			proxyType = 1;
			remoteGlobalIDString = CB2B99C42ED6870000E7F11A;
			remoteInfo = BookManagerMDI1105;
		};
		CB2B99DF2ED6870100E7F11A /* PBXContainerItemProxy */ = {
			isa = PBXContainerItemProxy;
			containerPortal = CB2B99BD2ED6870000E7F11A /* Project object */;
			proxyType = 1;
			remoteGlobalIDString = CB2B99C42ED6870000E7F11A;
			remoteInfo = BookManagerMDI1105;
		};
/* End PBXContainerItemProxy section */

/* Begin PBXFileReference section */
		CB2B99C52ED6870000E7F11A /* BookManagerMDI1105.app */ = {isa = PBXFileReference; explicitFileType = wrapper.application; includeInIndex = 0; path = BookManagerMDI1105.app; sourceTree = BUILT_PRODUCTS_DIR; };
		CB2B99D42ED6870100E7F11A /* BookManagerMDI1105Tests.xctest */ = {isa = PBXFileReference; explicitFileType = wrapper.cfbundle; includeInIndex = 0; path = BookManagerMDI1105Tests.xctest; sourceTree = BUILT_PRODUCTS_DIR; };
		CB2B99DE2ED6870100E7F11A /* BookManagerMDI1105UITests.xctest */ = {isa = PBXFileReference; explicitFileType = wrapper.cfbundle; includeInIndex = 0; path = BookManagerMDI1105UITests.xctest; sourceTree = BUILT_PRODUCTS_DIR; };
/* End PBXFileReference section */

/* Begin PBXFileSystemSynchronizedRootGroup section */
		CB2B99C72ED6870000E7F11A /* BookManagerMDI1105 */ = {
			isa = PBXFileSystemSynchronizedRootGroup;
			path = BookManagerMDI1105;
			sourceTree = "<group>";
		};
		CB2B99D72ED6870100E7F11A /* BookManagerMDI1105Tests */ = {
			isa = PBXFileSystemSynchronizedRootGroup;
			path = BookManagerMDI1105Tests;
			sourceTree = "<group>";
		};
		CB2B99E12ED6870100E7F11A /* BookManagerMDI1105UITests */ = {
			isa = PBXFileSystemSynchronizedRootGroup;
			path = BookManagerMDI1105UITests;
			sourceTree = "<group>";
		};
/* End PBXFileSystemSynchronizedRootGroup section */

/* Begin PBXFrameworksBuildPhase section */
		CB2B99C22ED6870000E7F11A /* Frameworks */ = {
			isa = PBXFrameworksBuildPhase;
			buildActionMask = 2147483647;
			files = (
			);
			runOnlyForDeploymentPostprocessing = 0;
		};
		CB2B99D12ED6870100E7F11A /* Frameworks */ = {
			isa = PBXFrameworksBuildPhase;
			buildActionMask = 2147483647;
			files = (
			);
			runOnlyForDeploymentPostprocessing = 0;
		};
		CB2B99DB2ED6870100E7F11A /* Frameworks */ = {
			isa = PBXFrameworksBuildPhase;
			buildActionMask = 2147483647;
			files = (
			);
			runOnlyForDeploymentPostprocessing = 0;
		};
/* End PBXFrameworksBuildPhase section */

/* Begin PBXGroup section */
		CB2B99BC2ED6870000E7F11A = {
			isa = PBXGroup;
			children = (
				CB2B99C72ED6870000E7F11A /* BookManagerMDI1105 */,
				CB2B99D72ED6870100E7F11A /* BookManagerMDI1105Tests */,
				CB2B99E12ED6870100E7F11A /* BookManagerMDI1105UITests */,
				CB2B99C62ED6870000E7F11A /* Products */,
			);
			sourceTree = "<group>";
		};
		CB2B99C62ED6870000E7F11A /* Products */ = {
			isa = PBXGroup;
			children = (
				CB2B99C52ED6870000E7F11A /* BookManagerMDI1105.app */,
				CB2B99D42ED6870100E7F11A /* BookManagerMDI1105Tests.xctest */,
				CB2B99DE2ED6870100E7F11A /* BookManagerMDI1105UITests.xctest */,
			);
			name = Products;
			sourceTree = "<group>";
		};
/* End PBXGroup section */

/* Begin PBXNativeTarget section */
		CB2B99C42ED6870000E7F11A /* BookManagerMDI1105 */ = {
			isa = PBXNativeTarget;
			buildConfigurationList = CB2B99E82ED6870100E7F11A /* Build configuration list for PBXNativeTarget "BookManagerMDI1105" */;
			buildPhases = (
				CB2B99C12ED6870000E7F11A /* Sources */,
				CB2B99C22ED6870000E7F11A /* Frameworks */,
				CB2B99C32ED6870000E7F11A /* Resources */,
			);
			buildRules = (
			);
			dependencies = (
			);
			fileSystemSynchronizedGroups = (
				CB2B99C72ED6870000E7F11A /* BookManagerMDI1105 */,
			);
			name = BookManagerMDI1105;
			packageProductDependencies = (
			);
			productName = BookManagerMDI1105;
			productReference = CB2B99C52ED6870000E7F11A /* BookManagerMDI1105.app */;
			productType = "com.apple.product-type.application";
		};
		CB2B99D32ED6870100E7F11A /* BookManagerMDI1105Tests */ = {
			isa = PBXNativeTarget;
			buildConfigurationList = CB2B99EB2ED6870100E7F11A /* Build configuration list for PBXNativeTarget "BookManagerMDI1105Tests" */;
			buildPhases = (
				CB2B99D02ED6870100E7F11A /* Sources */,
				CB2B99D12ED6870100E7F11A /* Frameworks */,
				CB2B99D22ED6870100E7F11A /* Resources */,
			);
			buildRules = (
			);
			dependencies = (
				CB2B99D62ED6870100E7F11A /* PBXTargetDependency */,
			);
			fileSystemSynchronizedGroups = (
				CB2B99D72ED6870100E7F11A /* BookManagerMDI1105Tests */,
			);
			name = BookManagerMDI1105Tests;
			packageProductDependencies = (
			);
			productName = BookManagerMDI1105Tests;
			productReference = CB2B99D42ED6870100E7F11A /* BookManagerMDI1105Tests.xctest */;
			productType = "com.apple.product-type.bundle.unit-test";
		};
		CB2B99DD2ED6870100E7F11A /* BookManagerMDI1105UITests */ = {
			isa = PBXNativeTarget;
			buildConfigurationList = CB2B99EE2ED6870100E7F11A /* Build configuration list for PBXNativeTarget "BookManagerMDI1105UITests" */;
			buildPhases = (
				CB2B99DA2ED6870100E7F11A /* Sources */,
				CB2B99DB2ED6870100E7F11A /* Frameworks */,
				CB2B99DC2ED6870100E7F11A /* Resources */,
			);
			buildRules = (
			);
			dependencies = (
				CB2B99E02ED6870100E7F11A /* PBXTargetDependency */,
			);
			fileSystemSynchronizedGroups = (
				CB2B99E12ED6870100E7F11A /* BookManagerMDI1105UITests */,
			);
			name = BookManagerMDI1105UITests;
			packageProductDependencies = (
			);
			productName = BookManagerMDI1105UITests;
			productReference = CB2B99DE2ED6870100E7F11A /* BookManagerMDI1105UITests.xctest */;
			productType = "com.apple.product-type.bundle.ui-testing";
		};
/* End PBXNativeTarget section */

/* Begin PBXProject section */
		CB2B99BD2ED6870000E7F11A /* Project object */ = {
			isa = PBXProject;
			attributes = {
				BuildIndependentTargetsInParallel = 1;
				LastSwiftUpdateCheck = 2610;
				LastUpgradeCheck = 2610;
				TargetAttributes = {
					CB2B99C42ED6870000E7F11A = {
						CreatedOnToolsVersion = 26.1.1;
					};
					CB2B99D32ED6870100E7F11A = {
						CreatedOnToolsVersion = 26.1.1;
						TestTargetID = CB2B99C42ED6870000E7F11A;
					};
					CB2B99DD2ED6870100E7F11A = {
						CreatedOnToolsVersion = 26.1.1;
						TestTargetID = CB2B99C42ED6870000E7F11A;
					};
				};
			};
			buildConfigurationList = CB2B99C02ED6870000E7F11A /* Build configuration list for PBXProject "BookManagerMDI1105" */;
			developmentRegion = en;
			hasScannedForEncodings = 0;
			knownRegions = (
				en,
				Base,
			);
			mainGroup = CB2B99BC2ED6870000E7F11A;
			minimizedProjectReferenceProxies = 1;
			preferredProjectObjectVersion = 77;
			productRefGroup = CB2B99C62ED6870000E7F11A /* Products */;
			projectDirPath = "";
			projectRoot = "";
			targets = (
				CB2B99C42ED6870000E7F11A /* BookManagerMDI1105 */,
				CB2B99D32ED6870100E7F11A /* BookManagerMDI1105Tests */,
				CB2B99DD2ED6870100E7F11A /* BookManagerMDI1105UITests */,
			);
		};
/* End PBXProject section */

/* Begin PBXResourcesBuildPhase section */
		CB2B99C32ED6870000E7F11A /* Resources */ = {
			isa = PBXResourcesBuildPhase;
			buildActionMask = 2147483647;
			files = (
			);
			runOnlyForDeploymentPostprocessing = 0;
		};
		CB2B99D22ED6870100E7F11A /* Resources */ = {
			isa = PBXResourcesBuildPhase;
			buildActionMask = 2147483647;
			files = (
			);
			runOnlyForDeploymentPostprocessing = 0;
		};
		CB2B99DC2ED6870100E7F11A /* Resources */ = {
			isa = PBXResourcesBuildPhase;
			buildActionMask = 2147483647;
			files = (
			);
			runOnlyForDeploymentPostprocessing = 0;
		};
/* End PBXResourcesBuildPhase section */

/* Begin PBXSourcesBuildPhase section */
		CB2B99C12ED6870000E7F11A /* Sources */ = {
			isa = PBXSourcesBuildPhase;
			buildActionMask = 2147483647;
			files = (
			);
			runOnlyForDeploymentPostprocessing = 0;
		};
		CB2B99D02ED6870100E7F11A /* Sources */ = {
			isa = PBXSourcesBuildPhase;
			buildActionMask = 2147483647;
			files = (
			);
			runOnlyForDeploymentPostprocessing = 0;
		};
		CB2B99DA2ED6870100E7F11A /* Sources */ = {
			isa = PBXSourcesBuildPhase;
			buildActionMask = 2147483647;
			files = (
			);
			runOnlyForDeploymentPostprocessing = 0;
		};
/* End PBXSourcesBuildPhase section */

/* Begin PBXTargetDependency section */
		CB2B99D62ED6870100E7F11A /* PBXTargetDependency */ = {
			isa = PBXTargetDependency;
			target = CB2B99C42ED6870000E7F11A /* BookManagerMDI1105 */;
			targetProxy = CB2B99D52ED6870100E7F11A /* PBXContainerItemProxy */;
		};
		CB2B99E02ED6870100E7F11A /* PBXTargetDependency */ = {
			isa = PBXTargetDependency;
			target = CB2B99C42ED6870000E7F11A /* BookManagerMDI1105 */;
			targetProxy = CB2B99DF2ED6870100E7F11A /* PBXContainerItemProxy */;
		};
/* End PBXTargetDependency section */

/* Begin XCBuildConfiguration section */
		CB2B99E62ED6870100E7F11A /* Debug */ = {
			isa = XCBuildConfiguration;
			buildSettings = {
				ALWAYS_SEARCH_USER_PATHS = NO;
				ASSETCATALOG_COMPILER_GENERATE_SWIFT_ASSET_SYMBOL_EXTENSIONS = YES;
				CLANG_ANALYZER_NONNULL = YES;
				CLANG_ANALYZER_NUMBER_OBJECT_CONVERSION = YES_AGGRESSIVE;
				CLANG_CXX_LANGUAGE_STANDARD = "gnu++20";
				CLANG_ENABLE_MODULES = YES;
				CLANG_ENABLE_OBJC_ARC = YES;
				CLANG_ENABLE_OBJC_WEAK = YES;
				CLANG_WARN_BLOCK_CAPTURE_AUTORELEASING = YES;
				CLANG_WARN_BOOL_CONVERSION = YES;
				CLANG_WARN_COMMA = YES;
				CLANG_WARN_CONSTANT_CONVERSION = YES;
				CLANG_WARN_DEPRECATED_OBJC_IMPLEMENTATIONS = YES;
				CLANG_WARN_DIRECT_OBJC_ISA_USAGE = YES_ERROR;
				CLANG_WARN_DOCUMENTATION_COMMENTS = YES;
				CLANG_WARN_EMPTY_BODY = YES;
				CLANG_WARN_ENUM_CONVERSION = YES;
				CLANG_WARN_INFINITE_RECURSION = YES;
				CLANG_WARN_INT_CONVERSION = YES;
				CLANG_WARN_NON_LITERAL_NULL_CONVERSION = YES;
				CLANG_WARN_OBJC_IMPLICIT_RETAIN_SELF = YES;
				CLANG_WARN_OBJC_LITERAL_CONVERSION = YES;
				CLANG_WARN_OBJC_ROOT_CLASS = YES_ERROR;
				CLANG_WARN_QUOTED_INCLUDE_IN_FRAMEWORK_HEADER = YES;
				CLANG_WARN_RANGE_LOOP_ANALYSIS = YES;
				CLANG_WARN_STRICT_PROTOTYPES = YES;
				CLANG_WARN_SUSPICIOUS_MOVE = YES;
				CLANG_WARN_UNGUARDED_AVAILABILITY = YES_AGGRESSIVE;
				CLANG_WARN_UNREACHABLE_CODE = YES;
				CLANG_WARN__DUPLICATE_METHOD_MATCH = YES;
				COPY_PHASE_STRIP = NO;
				DEBUG_INFORMATION_FORMAT = dwarf;
				ENABLE_STRICT_OBJC_MSGSEND = YES;
				ENABLE_TESTABILITY = YES;
				ENABLE_USER_SCRIPT_SANDBOXING = YES;
				GCC_C_LANGUAGE_STANDARD = gnu17;
				GCC_DYNAMIC_NO_PIC = NO;
				GCC_NO_COMMON_BLOCKS = YES;
				GCC_OPTIMIZATION_LEVEL = 0;
				GCC_PREPROCESSOR_DEFINITIONS = (
					"DEBUG=1",
					"$(inherited)",
				);
				GCC_WARN_64_TO_32_BIT_CONVERSION = YES;
				GCC_WARN_ABOUT_RETURN_TYPE = YES_ERROR;
				GCC_WARN_UNDECLARED_SELECTOR = YES;
				GCC_WARN_UNINITIALIZED_AUTOS = YES_AGGRESSIVE;
				GCC_WARN_UNUSED_FUNCTION = YES;
				GCC_WARN_UNUSED_VARIABLE = YES;
				IPHONEOS_DEPLOYMENT_TARGET = 26.1;
				LOCALIZATION_PREFERS_STRING_CATALOGS = YES;
				MTL_ENABLE_DEBUG_INFO = INCLUDE_SOURCE;
				MTL_FAST_MATH = YES;
				ONLY_ACTIVE_ARCH = YES;
				SDKROOT = iphoneos;
				SWIFT_ACTIVE_COMPILATION_CONDITIONS = "DEBUG $(inherited)";
				SWIFT_OPTIMIZATION_LEVEL = "-Onone";
			};
			name = Debug;
		};
		CB2B99E72ED6870100E7F11A /* Release */ = {
			isa = XCBuildConfiguration;
			buildSettings = {
				ALWAYS_SEARCH_USER_PATHS = NO;
				ASSETCATALOG_COMPILER_GENERATE_SWIFT_ASSET_SYMBOL_EXTENSIONS = YES;
				CLANG_ANALYZER_NONNULL = YES;
				CLANG_ANALYZER_NUMBER_OBJECT_CONVERSION = YES_AGGRESSIVE;
				CLANG_CXX_LANGUAGE_STANDARD = "gnu++20";
				CLANG_ENABLE_MODULES = YES;
				CLANG_ENABLE_OBJC_ARC = YES;
				CLANG_ENABLE_OBJC_WEAK = YES;
				CLANG_WARN_BLOCK_CAPTURE_AUTORELEASING = YES;
				CLANG_WARN_BOOL_CONVERSION = YES;
				CLANG_WARN_COMMA = YES;
				CLANG_WARN_CONSTANT_CONVERSION = YES;
				CLANG_WARN_DEPRECATED_OBJC_IMPLEMENTATIONS = YES;
				CLANG_WARN_DIRECT_OBJC_ISA_USAGE = YES_ERROR;
				CLANG_WARN_DOCUMENTATION_COMMENTS = YES;
				CLANG_WARN_EMPTY_BODY = YES;
				CLANG_WARN_ENUM_CONVERSION = YES;
				CLANG_WARN_INFINITE_RECURSION = YES;
				CLANG_WARN_INT_CONVERSION = YES;
				CLANG_WARN_NON_LITERAL_NULL_CONVERSION = YES;
				CLANG_WARN_OBJC_IMPLICIT_RETAIN_SELF = YES;
				CLANG_WARN_OBJC_LITERAL_CONVERSION = YES;
				CLANG_WARN_OBJC_ROOT_CLASS = YES_ERROR;
				CLANG_WARN_QUOTED_INCLUDE_IN_FRAMEWORK_HEADER = YES;
				CLANG_WARN_RANGE_LOOP_ANALYSIS = YES;
				CLANG_WARN_STRICT_PROTOTYPES = YES;
				CLANG_WARN_SUSPICIOUS_MOVE = YES;
				CLANG_WARN_UNGUARDED_AVAILABILITY = YES_AGGRESSIVE;
				CLANG_WARN_UNREACHABLE_CODE = YES;
				CLANG_WARN__DUPLICATE_METHOD_MATCH = YES;
				COPY_PHASE_STRIP = NO;
				DEBUG_INFORMATION_FORMAT = "dwarf-with-dsym";
				ENABLE_NS_ASSERTIONS = NO;
				ENABLE_STRICT_OBJC_MSGSEND = YES;
				ENABLE_USER_SCRIPT_SANDBOXING = YES;
				GCC_C_LANGUAGE_STANDARD = gnu17;
				GCC_NO_COMMON_BLOCKS = YES;
				GCC_WARN_64_TO_32_BIT_CONVERSION = YES;
				GCC_WARN_ABOUT_RETURN_TYPE = YES_ERROR;
				GCC_WARN_UNDECLARED_SELECTOR = YES;
				GCC_WARN_UNINITIALIZED_AUTOS = YES_AGGRESSIVE;
				GCC_WARN_UNUSED_FUNCTION = YES;
				GCC_WARN_UNUSED_VARIABLE = YES;
				IPHONEOS_DEPLOYMENT_TARGET = 26.1;
				LOCALIZATION_PREFERS_STRING_CATALOGS = YES;
				MTL_ENABLE_DEBUG_INFO = NO;
				MTL_FAST_MATH = YES;
				SDKROOT = iphoneos;
				SWIFT_COMPILATION_MODE = wholemodule;
				VALIDATE_PRODUCT = YES;
			};
			name = Release;
		};
		CB2B99E92ED6870100E7F11A /* Debug */ = {
			isa = XCBuildConfiguration;
			buildSettings = {
				ASSETCATALOG_COMPILER_APPICON_NAME = AppIcon;
				ASSETCATALOG_COMPILER_GLOBAL_ACCENT_COLOR_NAME = AccentColor;
				CODE_SIGN_STYLE = Automatic;
				CURRENT_PROJECT_VERSION = 1;
				ENABLE_PREVIEWS = YES;
				GENERATE_INFOPLIST_FILE = YES;
				INFOPLIST_KEY_UIApplicationSceneManifest_Generation = YES;
				INFOPLIST_KEY_UIApplicationSupportsIndirectInputEvents = YES;
				INFOPLIST_KEY_UILaunchScreen_Generation = YES;
				INFOPLIST_KEY_UISupportedInterfaceOrientations_iPad = "UIInterfaceOrientationPortrait UIInterfaceOrientationPortraitUpsideDown UIInterfaceOrientationLandscapeLeft UIInterfaceOrientationLandscapeRight";
				INFOPLIST_KEY_UISupportedInterfaceOrientations_iPhone = "UIInterfaceOrientationPortrait UIInterfaceOrientationLandscapeLeft UIInterfaceOrientationLandscapeRight";
				LD_RUNPATH_SEARCH_PATHS = (
					"$(inherited)",
					"@executable_path/Frameworks",
				);
				MARKETING_VERSION = 1.0;
				PRODUCT_BUNDLE_IDENTIFIER = specialistspecialist.BookManagerMDI1105;
				PRODUCT_NAME = "$(TARGET_NAME)";
				STRING_CATALOG_GENERATE_SYMBOLS = YES;
				SWIFT_APPROACHABLE_CONCURRENCY = YES;
				SWIFT_DEFAULT_ACTOR_ISOLATION = MainActor;
				SWIFT_EMIT_LOC_STRINGS = YES;
				SWIFT_UPCOMING_FEATURE_MEMBER_IMPORT_VISIBILITY = YES;
				SWIFT_VERSION = 5.0;
				TARGETED_DEVICE_FAMILY = "1,2";
			};
			name = Debug;
		};
		CB2B99EA2ED6870100E7F11A /* Release */ = {
			isa = XCBuildConfiguration;
			buildSettings = {
				ASSETCATALOG_COMPILER_APPICON_NAME = AppIcon;
				ASSETCATALOG_COMPILER_GLOBAL_ACCENT_COLOR_NAME = AccentColor;
				CODE_SIGN_STYLE = Automatic;
				CURRENT_PROJECT_VERSION = 1;
				ENABLE_PREVIEWS = YES;
				GENERATE_INFOPLIST_FILE = YES;
				INFOPLIST_KEY_UIApplicationSceneManifest_Generation = YES;
				INFOPLIST_KEY_UIApplicationSupportsIndirectInputEvents = YES;
				INFOPLIST_KEY_UILaunchScreen_Generation = YES;
				INFOPLIST_KEY_UISupportedInterfaceOrientations_iPad = "UIInterfaceOrientationPortrait UIInterfaceOrientationPortraitUpsideDown UIInterfaceOrientationLandscapeLeft UIInterfaceOrientationLandscapeRight";
				INFOPLIST_KEY_UISupportedInterfaceOrientations_iPhone = "UIInterfaceOrientationPortrait UIInterfaceOrientationLandscapeLeft UIInterfaceOrientationLandscapeRight";
				LD_RUNPATH_SEARCH_PATHS = (
					"$(inherited)",
					"@executable_path/Frameworks",
				);
				MARKETING_VERSION = 1.0;
				PRODUCT_BUNDLE_IDENTIFIER = specialistspecialist.BookManagerMDI1105;
				PRODUCT_NAME = "$(TARGET_NAME)";
				STRING_CATALOG_GENERATE_SYMBOLS = YES;
				SWIFT_APPROACHABLE_CONCURRENCY = YES;
				SWIFT_DEFAULT_ACTOR_ISOLATION = MainActor;
				SWIFT_EMIT_LOC_STRINGS = YES;
				SWIFT_UPCOMING_FEATURE_MEMBER_IMPORT_VISIBILITY = YES;
				SWIFT_VERSION = 5.0;
				TARGETED_DEVICE_FAMILY = "1,2";
			};
			name = Release;
		};
		CB2B99EC2ED6870100E7F11A /* Debug */ = {
			isa = XCBuildConfiguration;
			buildSettings = {
				BUNDLE_LOADER = "$(TEST_HOST)";
				CODE_SIGN_STYLE = Automatic;
				CURRENT_PROJECT_VERSION = 1;
				GENERATE_INFOPLIST_FILE = YES;
				IPHONEOS_DEPLOYMENT_TARGET = 26.1;
				MARKETING_VERSION = 1.0;
				PRODUCT_BUNDLE_IDENTIFIER = specialistspecialist.BookManagerMDI1105Tests;
				PRODUCT_NAME = "$(TARGET_NAME)";
				STRING_CATALOG_GENERATE_SYMBOLS = NO;
				SWIFT_APPROACHABLE_CONCURRENCY = YES;
				SWIFT_EMIT_LOC_STRINGS = NO;
				SWIFT_UPCOMING_FEATURE_MEMBER_IMPORT_VISIBILITY = YES;
				SWIFT_VERSION = 5.0;
				TARGETED_DEVICE_FAMILY = "1,2";
				TEST_HOST = "$(BUILT_PRODUCTS_DIR)/BookManagerMDI1105.app/$(BUNDLE_EXECUTABLE_FOLDER_PATH)/BookManagerMDI1105";
			};
			name = Debug;
		};
		CB2B99ED2ED6870100E7F11A /* Release */ = {
			isa = XCBuildConfiguration;
			buildSettings = {
				BUNDLE_LOADER = "$(TEST_HOST)";
				CODE_SIGN_STYLE = Automatic;
				CURRENT_PROJECT_VERSION = 1;
				GENERATE_INFOPLIST_FILE = YES;
				IPHONEOS_DEPLOYMENT_TARGET = 26.1;
				MARKETING_VERSION = 1.0;
				PRODUCT_BUNDLE_IDENTIFIER = specialistspecialist.BookManagerMDI1105Tests;
				PRODUCT_NAME = "$(TARGET_NAME)";
				STRING_CATALOG_GENERATE_SYMBOLS = NO;
				SWIFT_APPROACHABLE_CONCURRENCY = YES;
				SWIFT_EMIT_LOC_STRINGS = NO;
				SWIFT_UPCOMING_FEATURE_MEMBER_IMPORT_VISIBILITY = YES;
				SWIFT_VERSION = 5.0;
				TARGETED_DEVICE_FAMILY = "1,2";
				TEST_HOST = "$(BUILT_PRODUCTS_DIR)/BookManagerMDI1105.app/$(BUNDLE_EXECUTABLE_FOLDER_PATH)/BookManagerMDI1105";
			};
			name = Release;
		};
		CB2B99EF2ED6870100E7F11A /* Debug */ = {
			isa = XCBuildConfiguration;
			buildSettings = {
				CODE_SIGN_STYLE = Automatic;
				CURRENT_PROJECT_VERSION = 1;
				GENERATE_INFOPLIST_FILE = YES;
				MARKETING_VERSION = 1.0;
				PRODUCT_BUNDLE_IDENTIFIER = specialistspecialist.BookManagerMDI1105UITests;
				PRODUCT_NAME = "$(TARGET_NAME)";
				STRING_CATALOG_GENERATE_SYMBOLS = NO;
				SWIFT_APPROACHABLE_CONCURRENCY = YES;
				SWIFT_EMIT_LOC_STRINGS = NO;
				SWIFT_UPCOMING_FEATURE_MEMBER_IMPORT_VISIBILITY = YES;
				SWIFT_VERSION = 5.0;
				TARGETED_DEVICE_FAMILY = "1,2";
				TEST_TARGET_NAME = BookManagerMDI1105;
			};
			name = Debug;
		};
		CB2B99F02ED6870100E7F11A /* Release */ = {
			isa = XCBuildConfiguration;
			buildSettings = {
				CODE_SIGN_STYLE = Automatic;
				CURRENT_PROJECT_VERSION = 1;
				GENERATE_INFOPLIST_FILE = YES;
				MARKETING_VERSION = 1.0;
				PRODUCT_BUNDLE_IDENTIFIER = specialistspecialist.BookManagerMDI1105UITests;
				PRODUCT_NAME = "$(TARGET_NAME)";
				STRING_CATALOG_GENERATE_SYMBOLS = NO;
				SWIFT_APPROACHABLE_CONCURRENCY = YES;
				SWIFT_EMIT_LOC_STRINGS = NO;
				SWIFT_UPCOMING_FEATURE_MEMBER_IMPORT_VISIBILITY = YES;
				SWIFT_VERSION = 5.0;
				TARGETED_DEVICE_FAMILY = "1,2";
				TEST_TARGET_NAME = BookManagerMDI1105;
			};
			name = Release;
		};
/* End XCBuildConfiguration section */

/* Begin XCConfigurationList section */
		CB2B99C02ED6870000E7F11A /* Build configuration list for PBXProject "BookManagerMDI1105" */ = {
			isa = XCConfigurationList;
			buildConfigurations = (
				CB2B99E62ED6870100E7F11A /* Debug */,
				CB2B99E72ED6870100E7F11A /* Release */,
			);
			defaultConfigurationIsVisible = 0;
			defaultConfigurationName = Release;
		};
		CB2B99E82ED6870100E7F11A /* Build configuration list for PBXNativeTarget "BookManagerMDI1105" */ = {
			isa = XCConfigurationList;
			buildConfigurations = (
				CB2B99E92ED6870100E7F11A /* Debug */,
				CB2B99EA2ED6870100E7F11A /* Release */,
			);
			defaultConfigurationIsVisible = 0;
			defaultConfigurationName = Release;
		};
		CB2B99EB2ED6870100E7F11A /* Build configuration list for PBXNativeTarget "BookManagerMDI1105Tests" */ = {
			isa = XCConfigurationList;
			buildConfigurations = (
				CB2B99EC2ED6870100E7F11A /* Debug */,
				CB2B99ED2ED6870100E7F11A /* Release */,
			);
			defaultConfigurationIsVisible = 0;
			defaultConfigurationName = Release;
		};
		CB2B99EE2ED6870100E7F11A /* Build configuration list for PBXNativeTarget "BookManagerMDI1105UITests" */ = {
			isa = XCConfigurationList;
			buildConfigurations = (
				CB2B99EF2ED6870100E7F11A /* Debug */,
				CB2B99F02ED6870100E7F11A /* Release */,
			);
			defaultConfigurationIsVisible = 0;
			defaultConfigurationName = Release;
		};
/* End XCConfigurationList section */
	};
	rootObject = CB2B99BD2ED6870000E7F11A /* Project object */;
}
